
Microsoft Visual Studio Solution File, Format Version 12.00

Project("{2150E333-8FDC-42A3-9474-1A3956D46DE8}") = "src", "src", "{A1000000-0000-0000-0000-000000000001}"
EndProject
Project("{2150E333-8FDC-42A3-9474-1A3956D46DE8}") = "tests", "tests", "{A2000000-0000-0000-0000-000000000001}"
EndProject

Project("{FAE04EC0-301F-11D3-BF4B-00C04F79EFBC}") = "Stove.Net.Core", "src\Stove.Net.Core\Stove.Net.Core.csproj", "{B1000000-0000-0000-0000-000000000001}"
EndProject
Project("{FAE04EC0-301F-11D3-BF4B-00C04F79EFBC}") = "Stove.Net.Http", "src\Stove.Net.Http\Stove.Net.Http.csproj", "{B2000000-0000-0000-0000-000000000001}"
EndProject
Project("{FAE04EC0-301F-11D3-BF4B-00C04F79EFBC}") = "Stove.Net.PostgreSql", "src\Stove.Net.PostgreSql\Stove.Net.PostgreSql.csproj", "{B3000000-0000-0000-0000-000000000001}"
EndProject
Project("{FAE04EC0-301F-11D3-BF4B-00C04F79EFBC}") = "Stove.Net.Kafka", "src\Stove.Net.Kafka\Stove.Net.Kafka.csproj", "{B5000000-0000-0000-0000-000000000001}"
EndProject
Project("{FAE04EC0-301F-11D3-BF4B-00C04F79EFBC}") = "Stove.Net.Redis", "src\Stove.Net.Redis\Stove.Net.Redis.csproj", "{B6000000-0000-0000-0000-000000000001}"
EndProject
Project("{FAE04EC0-301F-11D3-BF4B-00C04F79EFBC}") = "Stove.Net.WireMock", "src\Stove.Net.WireMock\Stove.Net.WireMock.csproj", "{B7000000-0000-0000-0000-000000000001}"
EndProject
Project("{FAE04EC0-301F-11D3-BF4B-00C04F79EFBC}") = "Stove.Net.Xunit", "src\Stove.Net.Xunit\Stove.Net.Xunit.csproj", "{B4000000-0000-0000-0000-000000000001}"
EndProject
Project("{FAE04EC0-301F-11D3-BF4B-00C04F79EFBC}") = "Stove.Net.Tests.ExampleApp", "tests\Stove.Net.Tests.ExampleApp\Stove.Net.Tests.ExampleApp.csproj", "{C2000000-0000-0000-0000-000000000001}"
EndProject
Project("{FAE04EC0-301F-11D3-BF4B-00C04F79EFBC}") = "Stove.Net.Tests.Http", "tests\Stove.Net.Tests.Http\Stove.Net.Tests.Http.csproj", "{C3000000-0000-0000-0000-000000000001}"
EndProject
Project("{FAE04EC0-301F-11D3-BF4B-00C04F79EFBC}") = "Stove.Net.Tests.PostgreSql", "tests\Stove.Net.Tests.PostgreSql\Stove.Net.Tests.PostgreSql.csproj", "{C4000000-0000-0000-0000-000000000001}"
EndProject
Project("{FAE04EC0-301F-11D3-BF4B-00C04F79EFBC}") = "Stove.Net.Tests.Integration", "tests\Stove.Net.Tests.Integration\Stove.Net.Tests.Integration.csproj", "{C5000000-0000-0000-0000-000000000001}"
EndProject
Project("{FAE04EC0-301F-11D3-BF4B-00C04F79EFBC}") = "Stove.Net.Tests.Kafka", "tests\Stove.Net.Tests.Kafka\Stove.Net.Tests.Kafka.csproj", "{C6000000-0000-0000-0000-000000000001}"
EndProject
Project("{FAE04EC0-301F-11D3-BF4B-00C04F79EFBC}") = "Stove.Net.Tests.Redis", "tests\Stove.Net.Tests.Redis\Stove.Net.Tests.Redis.csproj", "{C7000000-0000-0000-0000-000000000001}"
EndProject
Project("{FAE04EC0-301F-11D3-BF4B-00C04F79EFBC}") = "Stove.Net.Tests.WireMock", "tests\Stove.Net.Tests.WireMock\Stove.Net.Tests.WireMock.csproj", "{C8000000-0000-0000-0000-000000000001}"
EndProject

Global
GlobalSection(SolutionConfigurationPlatforms) = preSolution
Debug|Any CPU = Debug|Any CPU
Release|Any CPU = Release|Any CPU
EndGlobalSection
GlobalSection(ProjectConfigurationPlatforms) = postSolution
{B1000000-0000-0000-0000-000000000001}.Debug|Any CPU.ActiveCfg = Debug|Any CPU
{B1000000-0000-0000-0000-000000000001}.Debug|Any CPU.Build.0 = Debug|Any CPU
{B1000000-0000-0000-0000-000000000001}.Release|Any CPU.ActiveCfg = Release|Any CPU
{B1000000-0000-0000-0000-000000000001}.Release|Any CPU.Build.0 = Release|Any CPU
{B2000000-0000-0000-0000-000000000001}.Debug|Any CPU.ActiveCfg = Debug|Any CPU
{B2000000-0000-0000-0000-000000000001}.Debug|Any CPU.Build.0 = Debug|Any CPU
{B2000000-0000-0000-0000-000000000001}.Release|Any CPU.ActiveCfg = Release|Any CPU
{B2000000-0000-0000-0000-000000000001}.Release|Any CPU.Build.0 = Release|Any CPU
{B3000000-0000-0000-0000-000000000001}.Debug|Any CPU.ActiveCfg = Debug|Any CPU
{B3000000-0000-0000-0000-000000000001}.Debug|Any CPU.Build.0 = Debug|Any CPU
{B3000000-0000-0000-0000-000000000001}.Release|Any CPU.ActiveCfg = Release|Any CPU
{B3000000-0000-0000-0000-000000000001}.Release|Any CPU.Build.0 = Release|Any CPU
{B4000000-0000-0000-0000-000000000001}.Debug|Any CPU.ActiveCfg = Debug|Any CPU
{B4000000-0000-0000-0000-000000000001}.Debug|Any CPU.Build.0 = Debug|Any CPU
{B4000000-0000-0000-0000-000000000001}.Release|Any CPU.ActiveCfg = Release|Any CPU
{B4000000-0000-0000-0000-000000000001}.Release|Any CPU.Build.0 = Release|Any CPU
{B5000000-0000-0000-0000-000000000001}.Debug|Any CPU.ActiveCfg = Debug|Any CPU
{B5000000-0000-0000-0000-000000000001}.Debug|Any CPU.Build.0 = Debug|Any CPU
{B5000000-0000-0000-0000-000000000001}.Release|Any CPU.ActiveCfg = Release|Any CPU
{B5000000-0000-0000-0000-000000000001}.Release|Any CPU.Build.0 = Release|Any CPU
{B6000000-0000-0000-0000-000000000001}.Debug|Any CPU.ActiveCfg = Debug|Any CPU
{B6000000-0000-0000-0000-000000000001}.Debug|Any CPU.Build.0 = Debug|Any CPU
{B6000000-0000-0000-0000-000000000001}.Release|Any CPU.ActiveCfg = Release|Any CPU
{B6000000-0000-0000-0000-000000000001}.Release|Any CPU.Build.0 = Release|Any CPU
{B7000000-0000-0000-0000-000000000001}.Debug|Any CPU.ActiveCfg = Debug|Any CPU
{B7000000-0000-0000-0000-000000000001}.Debug|Any CPU.Build.0 = Debug|Any CPU
{B7000000-0000-0000-0000-000000000001}.Release|Any CPU.ActiveCfg = Release|Any CPU
{B7000000-0000-0000-0000-000000000001}.Release|Any CPU.Build.0 = Release|Any CPU
{C2000000-0000-0000-0000-000000000001}.Debug|Any CPU.ActiveCfg = Debug|Any CPU
{C2000000-0000-0000-0000-000000000001}.Debug|Any CPU.Build.0 = Debug|Any CPU
{C2000000-0000-0000-0000-000000000001}.Release|Any CPU.ActiveCfg = Release|Any CPU
{C2000000-0000-0000-0000-000000000001}.Release|Any CPU.Build.0 = Release|Any CPU
{C3000000-0000-0000-0000-000000000001}.Debug|Any CPU.ActiveCfg = Debug|Any CPU
{C3000000-0000-0000-0000-000000000001}.Debug|Any CPU.Build.0 = Debug|Any CPU
{C3000000-0000-0000-0000-000000000001}.Release|Any CPU.ActiveCfg = Release|Any CPU
{C3000000-0000-0000-0000-000000000001}.Release|Any CPU.Build.0 = Release|Any CPU
{C4000000-0000-0000-0000-000000000001}.Debug|Any CPU.ActiveCfg = Debug|Any CPU
{C4000000-0000-0000-0000-000000000001}.Debug|Any CPU.Build.0 = Debug|Any CPU
{C4000000-0000-0000-0000-000000000001}.Release|Any CPU.ActiveCfg = Release|Any CPU
{C4000000-0000-0000-0000-000000000001}.Release|Any CPU.Build.0 = Release|Any CPU
{C5000000-0000-0000-0000-000000000001}.Debug|Any CPU.ActiveCfg = Debug|Any CPU
{C5000000-0000-0000-0000-000000000001}.Debug|Any CPU.Build.0 = Debug|Any CPU
{C5000000-0000-0000-0000-000000000001}.Release|Any CPU.ActiveCfg = Release|Any CPU
{C5000000-0000-0000-0000-000000000001}.Release|Any CPU.Build.0 = Release|Any CPU
{C6000000-0000-0000-0000-000000000001}.Debug|Any CPU.ActiveCfg = Debug|Any CPU
{C6000000-0000-0000-0000-000000000001}.Debug|Any CPU.Build.0 = Debug|Any CPU
{C6000000-0000-0000-0000-000000000001}.Release|Any CPU.ActiveCfg = Release|Any CPU
{C6000000-0000-0000-0000-000000000001}.Release|Any CPU.Build.0 = Release|Any CPU
{C7000000-0000-0000-0000-000000000001}.Debug|Any CPU.ActiveCfg = Debug|Any CPU
{C7000000-0000-0000-0000-000000000001}.Debug|Any CPU.Build.0 = Debug|Any CPU
{C7000000-0000-0000-0000-000000000001}.Release|Any CPU.ActiveCfg = Release|Any CPU
{C7000000-0000-0000-0000-000000000001}.Release|Any CPU.Build.0 = Release|Any CPU
{C8000000-0000-0000-0000-000000000001}.Debug|Any CPU.ActiveCfg = Debug|Any CPU
{C8000000-0000-0000-0000-000000000001}.Debug|Any CPU.Build.0 = Debug|Any CPU
{C8000000-0000-0000-0000-000000000001}.Release|Any CPU.ActiveCfg = Release|Any CPU
{C8000000-0000-0000-0000-000000000001}.Release|Any CPU.Build.0 = Release|Any CPU
EndGlobalSection
GlobalSection(NestedProjects) = preSolution
{B1000000-0000-0000-0000-000000000001} = {A1000000-0000-0000-0000-000000000001}
{B2000000-0000-0000-0000-000000000001} = {A1000000-0000-0000-0000-000000000001}
{B3000000-0000-0000-0000-000000000001} = {A1000000-0000-0000-0000-000000000001}
{B4000000-0000-0000-0000-000000000001} = {A1000000-0000-0000-0000-000000000001}
{B5000000-0000-0000-0000-000000000001} = {A1000000-0000-0000-0000-000000000001}
{B6000000-0000-0000-0000-000000000001} = {A1000000-0000-0000-0000-000000000001}
{B7000000-0000-0000-0000-000000000001} = {A1000000-0000-0000-0000-000000000001}
{C2000000-0000-0000-0000-000000000001} = {A2000000-0000-0000-0000-000000000001}
{C3000000-0000-0000-0000-000000000001} = {A2000000-0000-0000-0000-000000000001}
{C4000000-0000-0000-0000-000000000001} = {A2000000-0000-0000-0000-000000000001}
{C5000000-0000-0000-0000-000000000001} = {A2000000-0000-0000-0000-000000000001}
{C6000000-0000-0000-0000-000000000001} = {A2000000-0000-0000-0000-000000000001}
{C7000000-0000-0000-0000-000000000001} = {A2000000-0000-0000-0000-000000000001}
{C8000000-0000-0000-0000-000000000001} = {A2000000-0000-0000-0000-000000000001}
EndGlobalSection
EndGlobal
